
Microsoft Visual Studio Solution File, Format Version 12.00
# Visual Studio Version 17
VisualStudioVersion = 17.14.37411.7 d17.14
MinimumVisualStudioVersion = 10.0.40219.1
Project("{FAE04EC0-301F-11D3-BF4B-00C04F79EFBC}") = "TranPorAPP", "TranPorAPP\TranPorAPP.csproj", "{B1D5EE55-B37C-4766-9870-74884DF97E7E}"
EndProject
Global
	GlobalSection(SolutionConfigurationPlatforms) = preSolution
		Debug|Any CPU = Debug|Any CPU
		Release|Any CPU = Release|Any CPU
	EndGlobalSection
	GlobalSection(ProjectConfigurationPlatforms) = postSolution
		{B1D5EE55-B37C-4766-9870-74884DF97E7E}.Debug|Any CPU.ActiveCfg = Debug|Any CPU
		{B1D5EE55-B37C-4766-9870-74884DF97E7E}.Debug|Any CPU.Build.0 = Debug|Any CPU
		{B1D5EE55-B37C-4766-9870-74884DF97E7E}.Debug|Any CPU.Deploy.0 = Debug|Any CPU
		{B1D5EE55-B37C-4766-9870-74884DF97E7E}.Release|Any CPU.ActiveCfg = Release|Any CPU
		{B1D5EE55-B37C-4766-9870-74884DF97E7E}.Release|Any CPU.Build.0 = Release|Any CPU
		{B1D5EE55-B37C-4766-9870-74884DF97E7E}.Release|Any CPU.Deploy.0 = Release|Any CPU
	EndGlobalSection
	GlobalSection(SolutionProperties) = preSolution
		HideSolutionNode = FALSE
	EndGlobalSection
	GlobalSection(ExtensibilityGlobals) = postSolution
		SolutionGuid = {C6C278BA-6648-450E-A18C-BB31D54C7458}
	EndGlobalSection
EndGlobal
